// !$*UTF8*$!
{
	archiveVersion = 1;
	classes = {
	};
	objectVersion = 46;
	objects = {

/* Begin PBXBuildFile section */
		738F06A01378499D0008A761 /* iRemote Icon.icns in Resources */ = {isa = PBXBuildFile; fileRef = 738F069F1378499D0008A761 /* iRemote Icon.icns */; };
		73BD61A5137747D6003AF53C /* iRemote Logo.icns in Resources */ = {isa = PBXBuildFile; fileRef = 73BD61A4137747D6003AF53C /* iRemote Logo.icns */; };
		73EC2466137741B1000F8226 /* Cocoa.framework in Frameworks */ = {isa = PBXBuildFile; fileRef = 73EC2465137741B1000F8226 /* Cocoa.framework */; };
		73EC2468137741B2000F8226 /* AppleScriptObjC.framework in Frameworks */ = {isa = PBXBuildFile; fileRef = 73EC2467137741B1000F8226 /* AppleScriptObjC.framework */; };
		73EC2472137741B2000F8226 /* InfoPlist.strings in Resources */ = {isa = PBXBuildFile; fileRef = 73EC2470137741B2000F8226 /* InfoPlist.strings */; };
		73EC2475137741B2000F8226 /* main.m in Sources */ = {isa = PBXBuildFile; fileRef = 73EC2474137741B2000F8226 /* main.m */; };
		73EC2478137741B2000F8226 /* Credits.rtf in Resources */ = {isa = PBXBuildFile; fileRef = 73EC2476137741B2000F8226 /* Credits.rtf */; };
		73EC247A137741B2000F8226 /* iRemoteAppDelegate.applescript in Sources */ = {isa = PBXBuildFile; fileRef = 73EC2479137741B2000F8226 /* iRemoteAppDelegate.applescript */; };
		73EC247D137741B2000F8226 /* MainMenu.xib in Resources */ = {isa = PBXBuildFile; fileRef = 73EC247B137741B2000F8226 /* MainMenu.xib */; };
		73EC248C137745EC000F8226 /* 1303676552_sound_high copy 2.png in Resources */ = {isa = PBXBuildFile; fileRef = 73EC2484137745EC000F8226 /* 1303676552_sound_high copy 2.png */; };
		73EC248D137745EC000F8226 /* 1303676552_sound_high copy.png in Resources */ = {isa = PBXBuildFile; fileRef = 73EC2485137745EC000F8226 /* 1303676552_sound_high copy.png */; };
		73EC248E137745EC000F8226 /* 1303676552_sound_high.png in Resources */ = {isa = PBXBuildFile; fileRef = 73EC2486137745EC000F8226 /* 1303676552_sound_high.png */; };
		73EC248F137745EC000F8226 /* 1303735638_music-note.png in Resources */ = {isa = PBXBuildFile; fileRef = 73EC2487137745EC000F8226 /* 1303735638_music-note.png */; };
		73EC2490137745EC000F8226 /* 1303939892_monotone_search_zoom.png in Resources */ = {isa = PBXBuildFile; fileRef = 73EC2488137745EC000F8226 /* 1303939892_monotone_search_zoom.png */; };
		73EC2491137745EC000F8226 /* pp.png in Resources */ = {isa = PBXBuildFile; fileRef = 73EC2489137745EC000F8226 /* pp.png */; };
		73EC2492137745EC000F8226 /* sf.png in Resources */ = {isa = PBXBuildFile; fileRef = 73EC248A137745EC000F8226 /* sf.png */; };
		73EC2493137745EC000F8226 /* sp.png in Resources */ = {isa = PBXBuildFile; fileRef = 73EC248B137745EC000F8226 /* sp.png */; };
/* End PBXBuildFile section */

/* Begin PBXFileReference section */
		738F069F1378499D0008A761 /* iRemote Icon.icns */ = {isa = PBXFileReference; lastKnownFileType = image.icns; path = "iRemote Icon.icns"; sourceTree = "<group>"; };
		73BD61A4137747D6003AF53C /* iRemote Logo.icns */ = {isa = PBXFileReference; lastKnownFileType = image.icns; path = "iRemote Logo.icns"; sourceTree = "<group>"; };
		73EC2461137741B1000F8226 /* iRemote.app */ = {isa = PBXFileReference; explicitFileType = wrapper.application; includeInIndex = 0; path = iRemote.app; sourceTree = BUILT_PRODUCTS_DIR; };
		73EC2465137741B1000F8226 /* Cocoa.framework */ = {isa = PBXFileReference; lastKnownFileType = wrapper.framework; name = Cocoa.framework; path = System/Library/Frameworks/Cocoa.framework; sourceTree = SDKROOT; };
		73EC2467137741B1000F8226 /* AppleScriptObjC.framework */ = {isa = PBXFileReference; lastKnownFileType = wrapper.framework; name = AppleScriptObjC.framework; path = System/Library/Frameworks/AppleScriptObjC.framework; sourceTree = SDKROOT; };
		73EC246A137741B2000F8226 /* AppKit.framework */ = {isa = PBXFileReference; lastKnownFileType = wrapper.framework; name = AppKit.framework; path = System/Library/Frameworks/AppKit.framework; sourceTree = SDKROOT; };
		73EC246B137741B2000F8226 /* CoreData.framework */ = {isa = PBXFileReference; lastKnownFileType = wrapper.framework; name = CoreData.framework; path = System/Library/Frameworks/CoreData.framework; sourceTree = SDKROOT; };
		73EC246C137741B2000F8226 /* Foundation.framework */ = {isa = PBXFileReference; lastKnownFileType = wrapper.framework; name = Foundation.framework; path = System/Library/Frameworks/Foundation.framework; sourceTree = SDKROOT; };
		73EC246F137741B2000F8226 /* iRemote-Info.plist */ = {isa = PBXFileReference; lastKnownFileType = text.plist.xml; path = "iRemote-Info.plist"; sourceTree = "<group>"; };
		73EC2471137741B2000F8226 /* en */ = {isa = PBXFileReference; lastKnownFileType = text.plist.strings; name = en; path = en.lproj/InfoPlist.strings; sourceTree = "<group>"; };
		73EC2473137741B2000F8226 /* iRemote-Prefix.pch */ = {isa = PBXFileReference; lastKnownFileType = sourcecode.c.h; path = "iRemote-Prefix.pch"; sourceTree = "<group>"; };
		73EC2474137741B2000F8226 /* main.m */ = {isa = PBXFileReference; lastKnownFileType = sourcecode.c.objc; path = main.m; sourceTree = "<group>"; };
		73EC2477137741B2000F8226 /* en */ = {isa = PBXFileReference; lastKnownFileType = text.rtf; name = en; path = en.lproj/Credits.rtf; sourceTree = "<group>"; };
		73EC2479137741B2000F8226 /* iRemoteAppDelegate.applescript */ = {isa = PBXFileReference; lastKnownFileType = sourcecode.applescript; path = iRemoteAppDelegate.applescript; sourceTree = "<group>"; };
		73EC247C137741B2000F8226 /* en */ = {isa = PBXFileReference; lastKnownFileType = file.xib; name = en; path = en.lproj/MainMenu.xib; sourceTree = "<group>"; };
		73EC2484137745EC000F8226 /* 1303676552_sound_high copy 2.png */ = {isa = PBXFileReference; lastKnownFileType = image.png; path = "1303676552_sound_high copy 2.png"; sourceTree = "<group>"; };
		73EC2485137745EC000F8226 /* 1303676552_sound_high copy.png */ = {isa = PBXFileReference; lastKnownFileType = image.png; path = "1303676552_sound_high copy.png"; sourceTree = "<group>"; };
		73EC2486137745EC000F8226 /* 1303676552_sound_high.png */ = {isa = PBXFileReference; lastKnownFileType = image.png; path = 1303676552_sound_high.png; sourceTree = "<group>"; };
		73EC2487137745EC000F8226 /* 1303735638_music-note.png */ = {isa = PBXFileReference; lastKnownFileType = image.png; path = "1303735638_music-note.png"; sourceTree = "<group>"; };
		73EC2488137745EC000F8226 /* 1303939892_monotone_search_zoom.png */ = {isa = PBXFileReference; lastKnownFileType = image.png; path = 1303939892_monotone_search_zoom.png; sourceTree = "<group>"; };
		73EC2489137745EC000F8226 /* pp.png */ = {isa = PBXFileReference; lastKnownFileType = image.png; path = pp.png; sourceTree = "<group>"; };
		73EC248A137745EC000F8226 /* sf.png */ = {isa = PBXFileReference; lastKnownFileType = image.png; path = sf.png; sourceTree = "<group>"; };
		73EC248B137745EC000F8226 /* sp.png */ = {isa = PBXFileReference; lastKnownFileType = image.png; path = sp.png; sourceTree = "<group>"; };
/* End PBXFileReference section */

/* Begin PBXFrameworksBuildPhase section */
		73EC245E137741B1000F8226 /* Frameworks */ = {
			isa = PBXFrameworksBuildPhase;
			buildActionMask = 2147483647;
			files = (
				73EC2466137741B1000F8226 /* Cocoa.framework in Frameworks */,
				73EC2468137741B2000F8226 /* AppleScriptObjC.framework in Frameworks */,
			);
			runOnlyForDeploymentPostprocessing = 0;
		};
/* End PBXFrameworksBuildPhase section */

/* Begin PBXGroup section */
		73EC2456137741B1000F8226 = {
			isa = PBXGroup;
			children = (
				738F069F1378499D0008A761 /* iRemote Icon.icns */,
				73BD61A4137747D6003AF53C /* iRemote Logo.icns */,
				73EC2483137745EC000F8226 /* iRemote Buttons */,
				73EC246D137741B2000F8226 /* iRemote */,
				73EC2464137741B1000F8226 /* Frameworks */,
				73EC2462137741B1000F8226 /* Products */,
			);
			sourceTree = "<group>";
		};
		73EC2462137741B1000F8226 /* Products */ = {
			isa = PBXGroup;
			children = (
				73EC2461137741B1000F8226 /* iRemote.app */,
			);
			name = Products;
			sourceTree = "<group>";
		};
		73EC2464137741B1000F8226 /* Frameworks */ = {
			isa = PBXGroup;
			children = (
				73EC2465137741B1000F8226 /* Cocoa.framework */,
				73EC2467137741B1000F8226 /* AppleScriptObjC.framework */,
				73EC2469137741B2000F8226 /* Other Frameworks */,
			);
			name = Frameworks;
			sourceTree = "<group>";
		};
		73EC2469137741B2000F8226 /* Other Frameworks */ = {
			isa = PBXGroup;
			children = (
				73EC246A137741B2000F8226 /* AppKit.framework */,
				73EC246B137741B2000F8226 /* CoreData.framework */,
				73EC246C137741B2000F8226 /* Foundation.framework */,
			);
			name = "Other Frameworks";
			sourceTree = "<group>";
		};
		73EC246D137741B2000F8226 /* iRemote */ = {
			isa = PBXGroup;
			children = (
				73EC2479137741B2000F8226 /* iRemoteAppDelegate.applescript */,
				73EC247B137741B2000F8226 /* MainMenu.xib */,
				73EC246E137741B2000F8226 /* Supporting Files */,
			);
			path = iRemote;
			sourceTree = "<group>";
		};
		73EC246E137741B2000F8226 /* Supporting Files */ = {
			isa = PBXGroup;
			children = (
				73EC246F137741B2000F8226 /* iRemote-Info.plist */,
				73EC2470137741B2000F8226 /* InfoPlist.strings */,
				73EC2473137741B2000F8226 /* iRemote-Prefix.pch */,
				73EC2474137741B2000F8226 /* main.m */,
				73EC2476137741B2000F8226 /* Credits.rtf */,
			);
			name = "Supporting Files";
			sourceTree = "<group>";
		};
		73EC2483137745EC000F8226 /* iRemote Buttons */ = {
			isa = PBXGroup;
			children = (
				73EC2484137745EC000F8226 /* 1303676552_sound_high copy 2.png */,
				73EC2485137745EC000F8226 /* 1303676552_sound_high copy.png */,
				73EC2486137745EC000F8226 /* 1303676552_sound_high.png */,
				73EC2487137745EC000F8226 /* 1303735638_music-note.png */,
				73EC2488137745EC000F8226 /* 1303939892_monotone_search_zoom.png */,
				73EC2489137745EC000F8226 /* pp.png */,
				73EC248A137745EC000F8226 /* sf.png */,
				73EC248B137745EC000F8226 /* sp.png */,
			);
			name = "iRemote Buttons";
			path = "iRemote/iRemote Buttons";
			sourceTree = "<group>";
		};
/* End PBXGroup section */

/* Begin PBXNativeTarget section */
		73EC2460137741B1000F8226 /* iRemote */ = {
			isa = PBXNativeTarget;
			buildConfigurationList = 73EC2480137741B2000F8226 /* Build configuration list for PBXNativeTarget "iRemote" */;
			buildPhases = (
				73EC245D137741B1000F8226 /* Sources */,
				73EC245E137741B1000F8226 /* Frameworks */,
				73EC245F137741B1000F8226 /* Resources */,
			);
			buildRules = (
			);
			dependencies = (
			);
			name = iRemote;
			productName = iRemote;
			productReference = 73EC2461137741B1000F8226 /* iRemote.app */;
			productType = "com.apple.product-type.application";
		};
/* End PBXNativeTarget section */

/* Begin PBXProject section */
		73EC2458137741B1000F8226 /* Project object */ = {
			isa = PBXProject;
			attributes = {
				ORGANIZATIONNAME = BaldwinSoft;
			};
			buildConfigurationList = 73EC245B137741B1000F8226 /* Build configuration list for PBXProject "iRemote" */;
			compatibilityVersion = "Xcode 3.2";
			developmentRegion = English;
			hasScannedForEncodings = 0;
			knownRegions = (
				en,
			);
			mainGroup = 73EC2456137741B1000F8226;
			productRefGroup = 73EC2462137741B1000F8226 /* Products */;
			projectDirPath = "";
			projectRoot = "";
			targets = (
				73EC2460137741B1000F8226 /* iRemote */,
			);
		};
/* End PBXProject section */

/* Begin PBXResourcesBuildPhase section */
		73EC245F137741B1000F8226 /* Resources */ = {
			isa = PBXResourcesBuildPhase;
			buildActionMask = 2147483647;
			files = (
				73EC2472137741B2000F8226 /* InfoPlist.strings in Resources */,
				73EC2478137741B2000F8226 /* Credits.rtf in Resources */,
				73EC247D137741B2000F8226 /* MainMenu.xib in Resources */,
				73EC248C137745EC000F8226 /* 1303676552_sound_high copy 2.png in Resources */,
				73EC248D137745EC000F8226 /* 1303676552_sound_high copy.png in Resources */,
				73EC248E137745EC000F8226 /* 1303676552_sound_high.png in Resources */,
				73EC248F137745EC000F8226 /* 1303735638_music-note.png in Resources */,
				73EC2490137745EC000F8226 /* 1303939892_monotone_search_zoom.png in Resources */,
				73EC2491137745EC000F8226 /* pp.png in Resources */,
				73EC2492137745EC000F8226 /* sf.png in Resources */,
				73EC2493137745EC000F8226 /* sp.png in Resources */,
				73BD61A5137747D6003AF53C /* iRemote Logo.icns in Resources */,
				738F06A01378499D0008A761 /* iRemote Icon.icns in Resources */,
			);
			runOnlyForDeploymentPostprocessing = 0;
		};
/* End PBXResourcesBuildPhase section */

/* Begin PBXSourcesBuildPhase section */
		73EC245D137741B1000F8226 /* Sources */ = {
			isa = PBXSourcesBuildPhase;
			buildActionMask = 2147483647;
			files = (
				73EC2475137741B2000F8226 /* main.m in Sources */,
				73EC247A137741B2000F8226 /* iRemoteAppDelegate.applescript in Sources */,
			);
			runOnlyForDeploymentPostprocessing = 0;
		};
/* End PBXSourcesBuildPhase section */

/* Begin PBXVariantGroup section */
		73EC2470137741B2000F8226 /* InfoPlist.strings */ = {
			isa = PBXVariantGroup;
			children = (
				73EC2471137741B2000F8226 /* en */,
			);
			name = InfoPlist.strings;
			sourceTree = "<group>";
		};
		73EC2476137741B2000F8226 /* Credits.rtf */ = {
			isa = PBXVariantGroup;
			children = (
				73EC2477137741B2000F8226 /* en */,
			);
			name = Credits.rtf;
			sourceTree = "<group>";
		};
		73EC247B137741B2000F8226 /* MainMenu.xib */ = {
			isa = PBXVariantGroup;
			children = (
				73EC247C137741B2000F8226 /* en */,
			);
			name = MainMenu.xib;
			sourceTree = "<group>";
		};
/* End PBXVariantGroup section */

/* Begin XCBuildConfiguration section */
		73EC247E137741B2000F8226 /* Debug */ = {
			isa = XCBuildConfiguration;
			buildSettings = {
				ARCHS = "$(ARCHS_STANDARD_32_64_BIT)";
				GCC_C_LANGUAGE_STANDARD = gnu99;
				GCC_OPTIMIZATION_LEVEL = 0;
				GCC_PREPROCESSOR_DEFINITIONS = DEBUG;
				GCC_SYMBOLS_PRIVATE_EXTERN = NO;
				GCC_VERSION = com.apple.compilers.llvm.clang.1_0;
				GCC_WARN_64_TO_32_BIT_CONVERSION = YES;
				GCC_WARN_ABOUT_RETURN_TYPE = YES;
				GCC_WARN_UNUSED_VARIABLE = YES;
				MACOSX_DEPLOYMENT_TARGET = 10.6;
				ONLY_ACTIVE_ARCH = YES;
				SDKROOT = macosx;
			};
			name = Debug;
		};
		73EC247F137741B2000F8226 /* Release */ = {
			isa = XCBuildConfiguration;
			buildSettings = {
				ARCHS = "$(ARCHS_STANDARD_32_64_BIT)";
				GCC_C_LANGUAGE_STANDARD = gnu99;
				GCC_VERSION = com.apple.compilers.llvm.clang.1_0;
				GCC_WARN_64_TO_32_BIT_CONVERSION = YES;
				GCC_WARN_ABOUT_RETURN_TYPE = YES;
				GCC_WARN_UNUSED_VARIABLE = YES;
				MACOSX_DEPLOYMENT_TARGET = 10.6;
				SDKROOT = macosx;
			};
			name = Release;
		};
		73EC2481137741B2000F8226 /* Debug */ = {
			isa = XCBuildConfiguration;
			buildSettings = {
				ALWAYS_SEARCH_USER_PATHS = NO;
				CODE_SIGN_IDENTITY = "3rd Party Mac Developer Application: Uwe Hagedorn";
				COPY_PHASE_STRIP = NO;
				GCC_DYNAMIC_NO_PIC = NO;
				GCC_ENABLE_OBJC_EXCEPTIONS = YES;
				GCC_ENABLE_OBJC_GC = required;
				GCC_PRECOMPILE_PREFIX_HEADER = YES;
				GCC_PREFIX_HEADER = "iRemote/iRemote-Prefix.pch";
				INFOPLIST_FILE = "iRemote/iRemote-Info.plist";
				PRODUCT_NAME = "$(TARGET_NAME)";
				WRAPPER_EXTENSION = app;
			};
			name = Debug;
		};
		73EC2482137741B2000F8226 /* Release */ = {
			isa = XCBuildConfiguration;
			buildSettings = {
				ALWAYS_SEARCH_USER_PATHS = NO;
				CODE_SIGN_IDENTITY = "3rd Party Mac Developer Application: Uwe Hagedorn";
				COPY_PHASE_STRIP = YES;
				DEBUG_INFORMATION_FORMAT = "dwarf-with-dsym";
				GCC_ENABLE_OBJC_EXCEPTIONS = YES;
				GCC_ENABLE_OBJC_GC = required;
				GCC_PRECOMPILE_PREFIX_HEADER = YES;
				GCC_PREFIX_HEADER = "iRemote/iRemote-Prefix.pch";
				INFOPLIST_FILE = "iRemote/iRemote-Info.plist";
				PRODUCT_NAME = "$(TARGET_NAME)";
				WRAPPER_EXTENSION = app;
			};
			name = Release;
		};
/* End XCBuildConfiguration section */

/* Begin XCConfigurationList section */
		73EC245B137741B1000F8226 /* Build configuration list for PBXProject "iRemote" */ = {
			isa = XCConfigurationList;
			buildConfigurations = (
				73EC247E137741B2000F8226 /* Debug */,
				73EC247F137741B2000F8226 /* Release */,
			);
			defaultConfigurationIsVisible = 0;
			defaultConfigurationName = Release;
		};
		73EC2480137741B2000F8226 /* Build configuration list for PBXNativeTarget "iRemote" */ = {
			isa = XCConfigurationList;
			buildConfigurations = (
				73EC2481137741B2000F8226 /* Debug */,
				73EC2482137741B2000F8226 /* Release */,
			);
			defaultConfigurationIsVisible = 0;
			defaultConfigurationName = Release;
		};
/* End XCConfigurationList section */
	};
	rootObject = 73EC2458137741B1000F8226 /* Project object */;
}
